
Microsoft Visual Studio Solution File, Format Version 12.00
# Visual Studio Version 16
VisualStudioVersion = 16.0.30114.105
MinimumVisualStudioVersion = 10.0.40219.1
Project("{FAE04EC0-301F-11D3-BF4B-00C04F79EFBC}") = "MoonLyrics", "MoonLyrics.csproj", "{4F16C6D4-F4E6-4F6C-B3BE-A848A40F956E}"
EndProject
Global
	GlobalSection(SolutionConfigurationPlatforms) = preSolution
		Debug|Any CPU = Debug|Any CPU
		Release|Any CPU = Release|Any CPU
	EndGlobalSection
	GlobalSection(ProjectConfigurationPlatforms) = postSolution
		{4F16C6D4-F4E6-4F6C-B3BE-A848A40F956E}.Debug|Any CPU.ActiveCfg = Debug|Any CPU
		{4F16C6D4-F4E6-4F6C-B3BE-A848A40F956E}.Debug|Any CPU.Build.0 = Debug|Any CPU
		{4F16C6D4-F4E6-4F6C-B3BE-A848A40F956E}.Release|Any CPU.ActiveCfg = Release|Any CPU
		{4F16C6D4-F4E6-4F6C-B3BE-A848A40F956E}.Release|Any CPU.Build.0 = Release|Any CPU
	EndGlobalSection
	GlobalSection(SolutionProperties) = preSolution
		HideSolutionNode = FALSE
	EndGlobalSection
	GlobalSection(ExtensibilityGlobals) = postSolution
		SolutionGuid = {4DCBF08F-049B-4C62-8E1A-DC3CC8A91AEF}
	EndGlobalSection
EndGlobal
